
Microsoft Visual Studio Solution File, Format Version 12.00
# Visual Studio Version 17
VisualStudioVersion = 17.14.36414.22 d17.14
MinimumVisualStudioVersion = 10.0.40219.1
Project("{FAE04EC0-301F-11D3-BF4B-00C04F79EFBC}") = "Lab 1 - Lepilkin Maksim - ISP-232", "Lab 1 - Lepilkin Maksim - ISP-232\Lab 1 - Lepilkin Maksim - ISP-232.csproj", "{0FEFFCCF-0CB6-421F-86A8-9A1B2FCE988A}"
EndProject
Global
	GlobalSection(SolutionConfigurationPlatforms) = preSolution
		Debug|Any CPU = Debug|Any CPU
		Release|Any CPU = Release|Any CPU
	EndGlobalSection
	GlobalSection(ProjectConfigurationPlatforms) = postSolution
		{0FEFFCCF-0CB6-421F-86A8-9A1B2FCE988A}.Debug|Any CPU.ActiveCfg = Debug|Any CPU
		{0FEFFCCF-0CB6-421F-86A8-9A1B2FCE988A}.Debug|Any CPU.Build.0 = Debug|Any CPU
		{0FEFFCCF-0CB6-421F-86A8-9A1B2FCE988A}.Release|Any CPU.ActiveCfg = Release|Any CPU
		{0FEFFCCF-0CB6-421F-86A8-9A1B2FCE988A}.Release|Any CPU.Build.0 = Release|Any CPU
	EndGlobalSection
	GlobalSection(SolutionProperties) = preSolution
		HideSolutionNode = FALSE
	EndGlobalSection
	GlobalSection(ExtensibilityGlobals) = postSolution
		SolutionGuid = {205D53F2-DB9B-48DC-A621-2C0ECF09D164}
	EndGlobalSection
EndGlobal
